
Microsoft Visual Studio Solution File, Format Version 12.00
# Visual Studio Version 17
VisualStudioVersion = 17.14.36915.13 d17.14
MinimumVisualStudioVersion = 10.0.40219.1
Project("{FAE04EC0-301F-11D3-BF4B-00C04F79EFBC}") = "GoDent", "GoDent\GoDent.csproj", "{C458D38D-92D9-4ADE-B52B-6B9427552991}"
EndProject
Project("{FAE04EC0-301F-11D3-BF4B-00C04F79EFBC}") = "GoDent.BLL", "GoDent.BLL\GoDent.BLL.csproj", "{F00ED858-4346-419F-A219-944BF78BAD1D}"
EndProject
Project("{FAE04EC0-301F-11D3-BF4B-00C04F79EFBC}") = "GoDent.DAL", "GoDent.DAL\GoDent.DAL.csproj", "{42D9D007-BC99-48BB-B1BA-A651A9EF5147}"
EndProject
Global
	GlobalSection(SolutionConfigurationPlatforms) = preSolution
		Debug|Any CPU = Debug|Any CPU
		Release|Any CPU = Release|Any CPU
	EndGlobalSection
	GlobalSection(ProjectConfigurationPlatforms) = postSolution
		{C458D38D-92D9-4ADE-B52B-6B9427552991}.Debug|Any CPU.ActiveCfg = Debug|Any CPU
		{C458D38D-92D9-4ADE-B52B-6B9427552991}.Debug|Any CPU.Build.0 = Debug|Any CPU
		{C458D38D-92D9-4ADE-B52B-6B9427552991}.Release|Any CPU.ActiveCfg = Release|Any CPU
		{C458D38D-92D9-4ADE-B52B-6B9427552991}.Release|Any CPU.Build.0 = Release|Any CPU
		{F00ED858-4346-419F-A219-944BF78BAD1D}.Debug|Any CPU.ActiveCfg = Debug|Any CPU
		{F00ED858-4346-419F-A219-944BF78BAD1D}.Debug|Any CPU.Build.0 = Debug|Any CPU
		{F00ED858-4346-419F-A219-944BF78BAD1D}.Release|Any CPU.ActiveCfg = Release|Any CPU
		{F00ED858-4346-419F-A219-944BF78BAD1D}.Release|Any CPU.Build.0 = Release|Any CPU
		{42D9D007-BC99-48BB-B1BA-A651A9EF5147}.Debug|Any CPU.ActiveCfg = Debug|Any CPU
		{42D9D007-BC99-48BB-B1BA-A651A9EF5147}.Debug|Any CPU.Build.0 = Debug|Any CPU
		{42D9D007-BC99-48BB-B1BA-A651A9EF5147}.Release|Any CPU.ActiveCfg = Release|Any CPU
		{42D9D007-BC99-48BB-B1BA-A651A9EF5147}.Release|Any CPU.Build.0 = Release|Any CPU
	EndGlobalSection
	GlobalSection(SolutionProperties) = preSolution
		HideSolutionNode = FALSE
	EndGlobalSection
	GlobalSection(ExtensibilityGlobals) = postSolution
		SolutionGuid = {25437D7B-91CC-49CB-8DB3-1E0465F058A8}
	EndGlobalSection
EndGlobal
